{
  "object": {
    "pins": [
      {
        "package": "MacCAN-TouCAN",
        "repositoryURL": "https://github.com/mac-can/RusokuCAN.git",
        "state": {
          "branch": "master",
          "revision": "d93fbfe0818779987b4a87f9e5b1d23c30961cca",
          "version": null
        }
      }
    ]
  },
  "version": 1
}
