{
  "originHash" : "2ab5d155970c3eccaa9ce1df9a3f44e5b2a4b2990d85fe4dcfb65a8e7c5f0a98",
  "pins" : [
    {
      "identity" : "rusokucan.dylib",
      "kind" : "remoteSourceControl",
      "location" : "https://github.com/mac-can/RusokuCAN.dylib",
      "state" : {
        "branch" : "main",
        "revision" : "e8ab458caa24cd0b227a265a0018156d54db36c0"
      }
    }
  ],
  "version" : 3
}
