{
  "object": {
    "pins": [
      {
        "package": "MacCAN-TouCAN",
        "repositoryURL": "https://github.com/mac-can/RusokuCAN.dylib",
        "state": {
          "branch": "main",
          "revision": "926c448e8a02a27ea2dc4091d16d02df6822d89c",
          "version": null
        }
      }
    ]
  },
  "version": 1
}
